// !$*UTF8*$!
{
	archiveVersion = 1;
	classes = {
	};
	objectVersion = 51;
	objects = {

/* Begin PBXBuildFile section */
		F42D463E24985303005E66FE /* AppDelegate.swift in Sources */ = {isa = PBXBuildFile; fileRef = F42D463D24985303005E66FE /* AppDelegate.swift */; };
		F42D464024985303005E66FE /* SceneDelegate.swift in Sources */ = {isa = PBXBuildFile; fileRef = F42D463F24985303005E66FE /* SceneDelegate.swift */; };
		F42D464224985303005E66FE /* ViewController.swift in Sources */ = {isa = PBXBuildFile; fileRef = F42D464124985303005E66FE /* ViewController.swift */; };
		F42D464524985303005E66FE /* Main.storyboard in Resources */ = {isa = PBXBuildFile; fileRef = F42D464324985303005E66FE /* Main.storyboard */; };
		F42D464724985305005E66FE /* Assets.xcassets in Resources */ = {isa = PBXBuildFile; fileRef = F42D464624985305005E66FE /* Assets.xcassets */; };
		F42D464A24985305005E66FE /* LaunchScreen.storyboard in Resources */ = {isa = PBXBuildFile; fileRef = F42D464824985305005E66FE /* LaunchScreen.storyboard */; };
		FB414B4037FBFFAAE95F447F /* Pods_VcxDemo.framework in Frameworks */ = {isa = PBXBuildFile; fileRef = 5EF8020559A9241CB465FEB5 /* Pods_VcxDemo.framework */; };
/* End PBXBuildFile section */

/* Begin PBXFileReference section */
		52AFC604A416C98B04038AAA /* Pods-VcxDemo.debug.xcconfig */ = {isa = PBXFileReference; includeInIndex = 1; lastKnownFileType = text.xcconfig; name = "Pods-VcxDemo.debug.xcconfig"; path = "Target Support Files/Pods-VcxDemo/Pods-VcxDemo.debug.xcconfig"; sourceTree = "<group>"; };
		5EF8020559A9241CB465FEB5 /* Pods_VcxDemo.framework */ = {isa = PBXFileReference; explicitFileType = wrapper.framework; includeInIndex = 0; path = Pods_VcxDemo.framework; sourceTree = BUILT_PRODUCTS_DIR; };
		BDDEA881FB79F9A32662847E /* Pods-VcxDemo.release.xcconfig */ = {isa = PBXFileReference; includeInIndex = 1; lastKnownFileType = text.xcconfig; name = "Pods-VcxDemo.release.xcconfig"; path = "Target Support Files/Pods-VcxDemo/Pods-VcxDemo.release.xcconfig"; sourceTree = "<group>"; };
		F42D463A24985303005E66FE /* VcxDemo.app */ = {isa = PBXFileReference; explicitFileType = wrapper.application; includeInIndex = 0; path = VcxDemo.app; sourceTree = BUILT_PRODUCTS_DIR; };
		F42D463D24985303005E66FE /* AppDelegate.swift */ = {isa = PBXFileReference; lastKnownFileType = sourcecode.swift; path = AppDelegate.swift; sourceTree = "<group>"; };
		F42D463F24985303005E66FE /* SceneDelegate.swift */ = {isa = PBXFileReference; lastKnownFileType = sourcecode.swift; path = SceneDelegate.swift; sourceTree = "<group>"; };
		F42D464124985303005E66FE /* ViewController.swift */ = {isa = PBXFileReference; lastKnownFileType = sourcecode.swift; path = ViewController.swift; sourceTree = "<group>"; };
		F42D464424985303005E66FE /* Base */ = {isa = PBXFileReference; lastKnownFileType = file.storyboard; name = Base; path = Base.lproj/Main.storyboard; sourceTree = "<group>"; };
		F42D464624985305005E66FE /* Assets.xcassets */ = {isa = PBXFileReference; lastKnownFileType = folder.assetcatalog; path = Assets.xcassets; sourceTree = "<group>"; };
		F42D464924985305005E66FE /* Base */ = {isa = PBXFileReference; lastKnownFileType = file.storyboard; name = Base; path = Base.lproj/LaunchScreen.storyboard; sourceTree = "<group>"; };
		F42D464B24985305005E66FE /* Info.plist */ = {isa = PBXFileReference; lastKnownFileType = text.plist.xml; path = Info.plist; sourceTree = "<group>"; };
		F42D465124985AC9005E66FE /* VcxDemo-Bridging-Header.h */ = {isa = PBXFileReference; lastKnownFileType = sourcecode.c.h; path = "VcxDemo-Bridging-Header.h"; sourceTree = "<group>"; };
/* End PBXFileReference section */

/* Begin PBXFrameworksBuildPhase section */
		F42D463724985303005E66FE /* Frameworks */ = {
			isa = PBXFrameworksBuildPhase;
			buildActionMask = 2147483647;
			files = (
				FB414B4037FBFFAAE95F447F /* Pods_VcxDemo.framework in Frameworks */,
			);
			runOnlyForDeploymentPostprocessing = 0;
		};
/* End PBXFrameworksBuildPhase section */

/* Begin PBXGroup section */
		92F6FD11960FC4F9E99F82C4 /* Pods */ = {
			isa = PBXGroup;
			children = (
				52AFC604A416C98B04038AAA /* Pods-VcxDemo.debug.xcconfig */,
				BDDEA881FB79F9A32662847E /* Pods-VcxDemo.release.xcconfig */,
			);
			path = Pods;
			sourceTree = "<group>";
		};
		BF129D390F75F0CFF9B86085 /* Frameworks */ = {
			isa = PBXGroup;
			children = (
				5EF8020559A9241CB465FEB5 /* Pods_VcxDemo.framework */,
			);
			name = Frameworks;
			sourceTree = "<group>";
		};
		F42D463124985303005E66FE = {
			isa = PBXGroup;
			children = (
				F42D463C24985303005E66FE /* VcxDemo */,
				F42D463B24985303005E66FE /* Products */,
				92F6FD11960FC4F9E99F82C4 /* Pods */,
				BF129D390F75F0CFF9B86085 /* Frameworks */,
			);
			sourceTree = "<group>";
		};
		F42D463B24985303005E66FE /* Products */ = {
			isa = PBXGroup;
			children = (
				F42D463A24985303005E66FE /* VcxDemo.app */,
			);
			name = Products;
			sourceTree = "<group>";
		};
		F42D463C24985303005E66FE /* VcxDemo */ = {
			isa = PBXGroup;
			children = (
				F42D463D24985303005E66FE /* AppDelegate.swift */,
				F42D463F24985303005E66FE /* SceneDelegate.swift */,
				F42D464124985303005E66FE /* ViewController.swift */,
				F42D464324985303005E66FE /* Main.storyboard */,
				F42D464624985305005E66FE /* Assets.xcassets */,
				F42D464824985305005E66FE /* LaunchScreen.storyboard */,
				F42D464B24985305005E66FE /* Info.plist */,
				F42D465124985AC9005E66FE /* VcxDemo-Bridging-Header.h */,
			);
			path = VcxDemo;
			sourceTree = "<group>";
		};
/* End PBXGroup section */

/* Begin PBXNativeTarget section */
		F42D463924985303005E66FE /* VcxDemo */ = {
			isa = PBXNativeTarget;
			buildConfigurationList = F42D464E24985305005E66FE /* Build configuration list for PBXNativeTarget "VcxDemo" */;
			buildPhases = (
				9F66052E0293E78D4A3D17BB /* [CP] Check Pods Manifest.lock */,
				F42D463624985303005E66FE /* Sources */,
				F42D463724985303005E66FE /* Frameworks */,
				F42D463824985303005E66FE /* Resources */,
				B8F33B04C154B589F9C35BB9 /* [CP] Embed Pods Frameworks */,
			);
			buildRules = (
			);
			dependencies = (
			);
			name = VcxDemo;
			productName = VcxDemo;
			productReference = F42D463A24985303005E66FE /* VcxDemo.app */;
			productType = "com.apple.product-type.application";
		};
/* End PBXNativeTarget section */

/* Begin PBXProject section */
		F42D463224985303005E66FE /* Project object */ = {
			isa = PBXProject;
			attributes = {
				LastSwiftUpdateCheck = 1130;
				LastUpgradeCheck = 1130;
				ORGANIZATIONNAME = "SK Telecom";
				TargetAttributes = {
					F42D463924985303005E66FE = {
						CreatedOnToolsVersion = 11.3.1;
					};
				};
			};
			buildConfigurationList = F42D463524985303005E66FE /* Build configuration list for PBXProject "VcxDemo" */;
			compatibilityVersion = "Xcode 9.3";
			developmentRegion = en;
			hasScannedForEncodings = 0;
			knownRegions = (
				en,
				Base,
			);
			mainGroup = F42D463124985303005E66FE;
			productRefGroup = F42D463B24985303005E66FE /* Products */;
			projectDirPath = "";
			projectRoot = "";
			targets = (
				F42D463924985303005E66FE /* VcxDemo */,
			);
		};
/* End PBXProject section */

/* Begin PBXResourcesBuildPhase section */
		F42D463824985303005E66FE /* Resources */ = {
			isa = PBXResourcesBuildPhase;
			buildActionMask = 2147483647;
			files = (
				F42D464A24985305005E66FE /* LaunchScreen.storyboard in Resources */,
				F42D464724985305005E66FE /* Assets.xcassets in Resources */,
				F42D464524985303005E66FE /* Main.storyboard in Resources */,
			);
			runOnlyForDeploymentPostprocessing = 0;
		};
/* End PBXResourcesBuildPhase section */

/* Begin PBXShellScriptBuildPhase section */
		9F66052E0293E78D4A3D17BB /* [CP] Check Pods Manifest.lock */ = {
			isa = PBXShellScriptBuildPhase;
			buildActionMask = 2147483647;
			files = (
			);
			inputFileListPaths = (
			);
			inputPaths = (
				"${PODS_PODFILE_DIR_PATH}/Podfile.lock",
				"${PODS_ROOT}/Manifest.lock",
			);
			name = "[CP] Check Pods Manifest.lock";
			outputFileListPaths = (
			);
			outputPaths = (
				"$(DERIVED_FILE_DIR)/Pods-VcxDemo-checkManifestLockResult.txt",
			);
			runOnlyForDeploymentPostprocessing = 0;
			shellPath = /bin/sh;
			shellScript = "diff \"${PODS_PODFILE_DIR_PATH}/Podfile.lock\" \"${PODS_ROOT}/Manifest.lock\" > /dev/null\nif [ $? != 0 ] ; then\n    # print error to STDERR\n    echo \"error: The sandbox is not in sync with the Podfile.lock. Run 'pod install' or update your CocoaPods installation.\" >&2\n    exit 1\nfi\n# This output is used by Xcode 'outputs' to avoid re-running this script phase.\necho \"SUCCESS\" > \"${SCRIPT_OUTPUT_FILE_0}\"\n";
			showEnvVarsInLog = 0;
		};
		B8F33B04C154B589F9C35BB9 /* [CP] Embed Pods Frameworks */ = {
			isa = PBXShellScriptBuildPhase;
			buildActionMask = 2147483647;
			files = (
			);
			inputFileListPaths = (
				"${PODS_ROOT}/Target Support Files/Pods-VcxDemo/Pods-VcxDemo-frameworks-${CONFIGURATION}-input-files.xcfilelist",
			);
			name = "[CP] Embed Pods Frameworks";
			outputFileListPaths = (
				"${PODS_ROOT}/Target Support Files/Pods-VcxDemo/Pods-VcxDemo-frameworks-${CONFIGURATION}-output-files.xcfilelist",
			);
			runOnlyForDeploymentPostprocessing = 0;
			shellPath = /bin/sh;
			shellScript = "\"${PODS_ROOT}/Target Support Files/Pods-VcxDemo/Pods-VcxDemo-frameworks.sh\"\n";
			showEnvVarsInLog = 0;
		};
/* End PBXShellScriptBuildPhase section */

/* Begin PBXSourcesBuildPhase section */
		F42D463624985303005E66FE /* Sources */ = {
			isa = PBXSourcesBuildPhase;
			buildActionMask = 2147483647;
			files = (
				F42D464224985303005E66FE /* ViewController.swift in Sources */,
				F42D463E24985303005E66FE /* AppDelegate.swift in Sources */,
				F42D464024985303005E66FE /* SceneDelegate.swift in Sources */,
			);
			runOnlyForDeploymentPostprocessing = 0;
		};
/* End PBXSourcesBuildPhase section */

/* Begin PBXVariantGroup section */
		F42D464324985303005E66FE /* Main.storyboard */ = {
			isa = PBXVariantGroup;
			children = (
				F42D464424985303005E66FE /* Base */,
			);
			name = Main.storyboard;
			sourceTree = "<group>";
		};
		F42D464824985305005E66FE /* LaunchScreen.storyboard */ = {
			isa = PBXVariantGroup;
			children = (
				F42D464924985305005E66FE /* Base */,
			);
			name = LaunchScreen.storyboard;
			sourceTree = "<group>";
		};
/* End PBXVariantGroup section */

/* Begin XCBuildConfiguration section */
		F42D464C24985305005E66FE /* Debug */ = {
			isa = XCBuildConfiguration;
			buildSettings = {
				ALWAYS_SEARCH_USER_PATHS = NO;
				CLANG_ANALYZER_NONNULL = YES;
				CLANG_ANALYZER_NUMBER_OBJECT_CONVERSION = YES_AGGRESSIVE;
				CLANG_CXX_LANGUAGE_STANDARD = "gnu++14";
				CLANG_CXX_LIBRARY = "libc++";
				CLANG_ENABLE_MODULES = YES;
				CLANG_ENABLE_OBJC_ARC = YES;
				CLANG_ENABLE_OBJC_WEAK = YES;
				CLANG_WARN_BLOCK_CAPTURE_AUTORELEASING = YES;
				CLANG_WARN_BOOL_CONVERSION = YES;
				CLANG_WARN_COMMA = YES;
				CLANG_WARN_CONSTANT_CONVERSION = YES;
				CLANG_WARN_DEPRECATED_OBJC_IMPLEMENTATIONS = YES;
				CLANG_WARN_DIRECT_OBJC_ISA_USAGE = YES_ERROR;
				CLANG_WARN_DOCUMENTATION_COMMENTS = YES;
				CLANG_WARN_EMPTY_BODY = YES;
				CLANG_WARN_ENUM_CONVERSION = YES;
				CLANG_WARN_INFINITE_RECURSION = YES;
				CLANG_WARN_INT_CONVERSION = YES;
				CLANG_WARN_NON_LITERAL_NULL_CONVERSION = YES;
				CLANG_WARN_OBJC_IMPLICIT_RETAIN_SELF = YES;
				CLANG_WARN_OBJC_LITERAL_CONVERSION = YES;
				CLANG_WARN_OBJC_ROOT_CLASS = YES_ERROR;
				CLANG_WARN_RANGE_LOOP_ANALYSIS = YES;
				CLANG_WARN_STRICT_PROTOTYPES = YES;
				CLANG_WARN_SUSPICIOUS_MOVE = YES;
				CLANG_WARN_UNGUARDED_AVAILABILITY = YES_AGGRESSIVE;
				CLANG_WARN_UNREACHABLE_CODE = YES;
				CLANG_WARN__DUPLICATE_METHOD_MATCH = YES;
				COPY_PHASE_STRIP = NO;
				DEBUG_INFORMATION_FORMAT = dwarf;
				ENABLE_STRICT_OBJC_MSGSEND = YES;
				ENABLE_TESTABILITY = YES;
				GCC_C_LANGUAGE_STANDARD = gnu11;
				GCC_DYNAMIC_NO_PIC = NO;
				GCC_NO_COMMON_BLOCKS = YES;
				GCC_OPTIMIZATION_LEVEL = 0;
				GCC_PREPROCESSOR_DEFINITIONS = (
					"DEBUG=1",
					"$(inherited)",
				);
				GCC_WARN_64_TO_32_BIT_CONVERSION = YES;
				GCC_WARN_ABOUT_RETURN_TYPE = YES_ERROR;
				GCC_WARN_UNDECLARED_SELECTOR = YES;
				GCC_WARN_UNINITIALIZED_AUTOS = YES_AGGRESSIVE;
				GCC_WARN_UNUSED_FUNCTION = YES;
				GCC_WARN_UNUSED_VARIABLE = YES;
				IPHONEOS_DEPLOYMENT_TARGET = 13.2;
				MTL_ENABLE_DEBUG_INFO = INCLUDE_SOURCE;
				MTL_FAST_MATH = YES;
				ONLY_ACTIVE_ARCH = YES;
				SDKROOT = iphoneos;
				SWIFT_ACTIVE_COMPILATION_CONDITIONS = DEBUG;
				SWIFT_OPTIMIZATION_LEVEL = "-Onone";
			};
			name = Debug;
		};
		F42D464D24985305005E66FE /* Release */ = {
			isa = XCBuildConfiguration;
			buildSettings = {
				ALWAYS_SEARCH_USER_PATHS = NO;
				CLANG_ANALYZER_NONNULL = YES;
				CLANG_ANALYZER_NUMBER_OBJECT_CONVERSION = YES_AGGRESSIVE;
				CLANG_CXX_LANGUAGE_STANDARD = "gnu++14";
				CLANG_CXX_LIBRARY = "libc++";
				CLANG_ENABLE_MODULES = YES;
				CLANG_ENABLE_OBJC_ARC = YES;
				CLANG_ENABLE_OBJC_WEAK = YES;
				CLANG_WARN_BLOCK_CAPTURE_AUTORELEASING = YES;
				CLANG_WARN_BOOL_CONVERSION = YES;
				CLANG_WARN_COMMA = YES;
				CLANG_WARN_CONSTANT_CONVERSION = YES;
				CLANG_WARN_DEPRECATED_OBJC_IMPLEMENTATIONS = YES;
				CLANG_WARN_DIRECT_OBJC_ISA_USAGE = YES_ERROR;
				CLANG_WARN_DOCUMENTATION_COMMENTS = YES;
				CLANG_WARN_EMPTY_BODY = YES;
				CLANG_WARN_ENUM_CONVERSION = YES;
				CLANG_WARN_INFINITE_RECURSION = YES;
				CLANG_WARN_INT_CONVERSION = YES;
				CLANG_WARN_NON_LITERAL_NULL_CONVERSION = YES;
				CLANG_WARN_OBJC_IMPLICIT_RETAIN_SELF = YES;
				CLANG_WARN_OBJC_LITERAL_CONVERSION = YES;
				CLANG_WARN_OBJC_ROOT_CLASS = YES_ERROR;
				CLANG_WARN_RANGE_LOOP_ANALYSIS = YES;
				CLANG_WARN_STRICT_PROTOTYPES = YES;
				CLANG_WARN_SUSPICIOUS_MOVE = YES;
				CLANG_WARN_UNGUARDED_AVAILABILITY = YES_AGGRESSIVE;
				CLANG_WARN_UNREACHABLE_CODE = YES;
				CLANG_WARN__DUPLICATE_METHOD_MATCH = YES;
				COPY_PHASE_STRIP = NO;
				DEBUG_INFORMATION_FORMAT = "dwarf-with-dsym";
				ENABLE_NS_ASSERTIONS = NO;
				ENABLE_STRICT_OBJC_MSGSEND = YES;
				GCC_C_LANGUAGE_STANDARD = gnu11;
				GCC_NO_COMMON_BLOCKS = YES;
				GCC_WARN_64_TO_32_BIT_CONVERSION = YES;
				GCC_WARN_ABOUT_RETURN_TYPE = YES_ERROR;
				GCC_WARN_UNDECLARED_SELECTOR = YES;
				GCC_WARN_UNINITIALIZED_AUTOS = YES_AGGRESSIVE;
				GCC_WARN_UNUSED_FUNCTION = YES;
				GCC_WARN_UNUSED_VARIABLE = YES;
				IPHONEOS_DEPLOYMENT_TARGET = 13.2;
				MTL_ENABLE_DEBUG_INFO = NO;
				MTL_FAST_MATH = YES;
				SDKROOT = iphoneos;
				SWIFT_COMPILATION_MODE = wholemodule;
				SWIFT_OPTIMIZATION_LEVEL = "-O";
				VALIDATE_PRODUCT = YES;
			};
			name = Release;
		};
		F42D464F24985305005E66FE /* Debug */ = {
			isa = XCBuildConfiguration;
			baseConfigurationReference = 52AFC604A416C98B04038AAA /* Pods-VcxDemo.debug.xcconfig */;
			buildSettings = {
				ASSETCATALOG_COMPILER_APPICON_NAME = AppIcon;
				CODE_SIGN_STYLE = Automatic;
				DEVELOPMENT_TEAM = 7Q9A24L5V4;
				INFOPLIST_FILE = VcxDemo/Info.plist;
				LD_RUNPATH_SEARCH_PATHS = (
					"$(inherited)",
					"@executable_path/Frameworks",
				);
				PRODUCT_BUNDLE_IDENTIFIER = com.sktelecom.ston.demo.VcxDemo;
				PRODUCT_NAME = "$(TARGET_NAME)";
				SWIFT_OBJC_BRIDGING_HEADER = "VcxDemo/VcxDemo-Bridging-Header.h";
				SWIFT_VERSION = 5.0;
				TARGETED_DEVICE_FAMILY = "1,2";
			};
			name = Debug;
		};
		F42D465024985305005E66FE /* Release */ = {
			isa = XCBuildConfiguration;
			baseConfigurationReference = BDDEA881FB79F9A32662847E /* Pods-VcxDemo.release.xcconfig */;
			buildSettings = {
				ASSETCATALOG_COMPILER_APPICON_NAME = AppIcon;
				CODE_SIGN_STYLE = Automatic;
				DEVELOPMENT_TEAM = 7Q9A24L5V4;
				INFOPLIST_FILE = VcxDemo/Info.plist;
				LD_RUNPATH_SEARCH_PATHS = (
					"$(inherited)",
					"@executable_path/Frameworks",
				);
				PRODUCT_BUNDLE_IDENTIFIER = com.sktelecom.ston.demo.VcxDemo;
				PRODUCT_NAME = "$(TARGET_NAME)";
				SWIFT_OBJC_BRIDGING_HEADER = "VcxDemo/VcxDemo-Bridging-Header.h";
				SWIFT_VERSION = 5.0;
				TARGETED_DEVICE_FAMILY = "1,2";
			};
			name = Release;
		};
/* End XCBuildConfiguration section */

/* Begin XCConfigurationList section */
		F42D463524985303005E66FE /* Build configuration list for PBXProject "VcxDemo" */ = {
			isa = XCConfigurationList;
			buildConfigurations = (
				F42D464C24985305005E66FE /* Debug */,
				F42D464D24985305005E66FE /* Release */,
			);
			defaultConfigurationIsVisible = 0;
			defaultConfigurationName = Release;
		};
		F42D464E24985305005E66FE /* Build configuration list for PBXNativeTarget "VcxDemo" */ = {
			isa = XCConfigurationList;
			buildConfigurations = (
				F42D464F24985305005E66FE /* Debug */,
				F42D465024985305005E66FE /* Release */,
			);
			defaultConfigurationIsVisible = 0;
			defaultConfigurationName = Release;
		};
/* End XCConfigurationList section */
	};
	rootObject = F42D463224985303005E66FE /* Project object */;
}
